
Microsoft Visual Studio Solution File, Format Version 12.00
# Visual Studio 15
VisualStudioVersion = 15.0.27703.2018
MinimumVisualStudioVersion = 10.0.40219.1
Project("{FAE04EC0-301F-11D3-BF4B-00C04F79EFBC}") = "Angular_Application", "Angular_Application\Angular_Application.csproj", "{ED90E64A-F09C-4E7E-B57F-DF1CF638079A}"
EndProject
Global
	GlobalSection(SolutionConfigurationPlatforms) = preSolution
		Debug|Any CPU = Debug|Any CPU
		Release|Any CPU = Release|Any CPU
	EndGlobalSection
	GlobalSection(ProjectConfigurationPlatforms) = postSolution
		{ED90E64A-F09C-4E7E-B57F-DF1CF638079A}.Debug|Any CPU.ActiveCfg = Debug|Any CPU
		{ED90E64A-F09C-4E7E-B57F-DF1CF638079A}.Debug|Any CPU.Build.0 = Debug|Any CPU
		{ED90E64A-F09C-4E7E-B57F-DF1CF638079A}.Release|Any CPU.ActiveCfg = Release|Any CPU
		{ED90E64A-F09C-4E7E-B57F-DF1CF638079A}.Release|Any CPU.Build.0 = Release|Any CPU
	EndGlobalSection
	GlobalSection(SolutionProperties) = preSolution
		HideSolutionNode = FALSE
	EndGlobalSection
	GlobalSection(ExtensibilityGlobals) = postSolution
		SolutionGuid = {D92C9950-9506-4766-888C-BAFF97B3E074}
	EndGlobalSection
EndGlobal
